
Microsoft Visual Studio Solution File, Format Version 12.00
# Visual Studio Version 16
VisualStudioVersion = 16.0.30621.155
MinimumVisualStudioVersion = 10.0.40219.1
Project("{FAE04EC0-301F-11D3-BF4B-00C04F79EFBC}") = "HelloVisualStudio.ConsoleApp", "HelloVisualStudio.ConsoleApp\HelloVisualStudio.ConsoleApp.csproj", "{E0088162-41D9-40DC-B983-8C8BBC409CEA}"
EndProject
Project("{FAE04EC0-301F-11D3-BF4B-00C04F79EFBC}") = "HelloVisualStuidoLib", "HelloVisualStuidoLib\HelloVisualStuidoLib.csproj", "{4F55D40D-6218-4B58-9AA1-F8AF80F3B35C}"
EndProject
Global
	GlobalSection(SolutionConfigurationPlatforms) = preSolution
		Debug|Any CPU = Debug|Any CPU
		Release|Any CPU = Release|Any CPU
	EndGlobalSection
	GlobalSection(ProjectConfigurationPlatforms) = postSolution
		{E0088162-41D9-40DC-B983-8C8BBC409CEA}.Debug|Any CPU.ActiveCfg = Debug|Any CPU
		{E0088162-41D9-40DC-B983-8C8BBC409CEA}.Debug|Any CPU.Build.0 = Debug|Any CPU
		{E0088162-41D9-40DC-B983-8C8BBC409CEA}.Release|Any CPU.ActiveCfg = Release|Any CPU
		{E0088162-41D9-40DC-B983-8C8BBC409CEA}.Release|Any CPU.Build.0 = Release|Any CPU
		{4F55D40D-6218-4B58-9AA1-F8AF80F3B35C}.Debug|Any CPU.ActiveCfg = Debug|Any CPU
		{4F55D40D-6218-4B58-9AA1-F8AF80F3B35C}.Debug|Any CPU.Build.0 = Debug|Any CPU
		{4F55D40D-6218-4B58-9AA1-F8AF80F3B35C}.Release|Any CPU.ActiveCfg = Release|Any CPU
		{4F55D40D-6218-4B58-9AA1-F8AF80F3B35C}.Release|Any CPU.Build.0 = Release|Any CPU
	EndGlobalSection
	GlobalSection(SolutionProperties) = preSolution
		HideSolutionNode = FALSE
	EndGlobalSection
	GlobalSection(ExtensibilityGlobals) = postSolution
		SolutionGuid = {E005F1B6-405B-4676-88C9-B5CDC42B3A5F}
	EndGlobalSection
EndGlobal
