
Microsoft Visual Studio Solution File, Format Version 12.00
# Visual Studio Version 16
VisualStudioVersion = 16.0.30804.86
MinimumVisualStudioVersion = 10.0.40219.1
Project("{FAE04EC0-301F-11D3-BF4B-00C04F79EFBC}") = "WebAPI.API", "WebAPI.API\WebAPI.API.csproj", "{522282D9-D583-4039-86C1-5F27BC74E60B}"
EndProject
Global
	GlobalSection(SolutionConfigurationPlatforms) = preSolution
		Debug|Any CPU = Debug|Any CPU
		Release|Any CPU = Release|Any CPU
	EndGlobalSection
	GlobalSection(ProjectConfigurationPlatforms) = postSolution
		{522282D9-D583-4039-86C1-5F27BC74E60B}.Debug|Any CPU.ActiveCfg = Debug|Any CPU
		{522282D9-D583-4039-86C1-5F27BC74E60B}.Debug|Any CPU.Build.0 = Debug|Any CPU
		{522282D9-D583-4039-86C1-5F27BC74E60B}.Release|Any CPU.ActiveCfg = Release|Any CPU
		{522282D9-D583-4039-86C1-5F27BC74E60B}.Release|Any CPU.Build.0 = Release|Any CPU
	EndGlobalSection
	GlobalSection(SolutionProperties) = preSolution
		HideSolutionNode = FALSE
	EndGlobalSection
	GlobalSection(ExtensibilityGlobals) = postSolution
		SolutionGuid = {3145DC0B-BB98-48D5-A686-EFAD5A454641}
	EndGlobalSection
EndGlobal
