
Microsoft Visual Studio Solution File, Format Version 12.00
# Visual Studio Version 16
VisualStudioVersion = 16.0.30621.155
MinimumVisualStudioVersion = 10.0.40219.1
Project("{FAE04EC0-301F-11D3-BF4B-00C04F79EFBC}") = "AnimalLibrary", "AnimalLibrary\AnimalLibrary.csproj", "{AF849798-7F3D-4F63-8E97-34790D049FD7}"
EndProject
Global
	GlobalSection(SolutionConfigurationPlatforms) = preSolution
		Debug|Any CPU = Debug|Any CPU
		Release|Any CPU = Release|Any CPU
	EndGlobalSection
	GlobalSection(ProjectConfigurationPlatforms) = postSolution
		{AF849798-7F3D-4F63-8E97-34790D049FD7}.Debug|Any CPU.ActiveCfg = Debug|Any CPU
		{AF849798-7F3D-4F63-8E97-34790D049FD7}.Debug|Any CPU.Build.0 = Debug|Any CPU
		{AF849798-7F3D-4F63-8E97-34790D049FD7}.Release|Any CPU.ActiveCfg = Release|Any CPU
		{AF849798-7F3D-4F63-8E97-34790D049FD7}.Release|Any CPU.Build.0 = Release|Any CPU
	EndGlobalSection
	GlobalSection(SolutionProperties) = preSolution
		HideSolutionNode = FALSE
	EndGlobalSection
	GlobalSection(ExtensibilityGlobals) = postSolution
		SolutionGuid = {821F2A35-B9F0-4F4F-8248-F6869BFE3031}
	EndGlobalSection
EndGlobal
